
Microsoft Visual Studio Solution File, Format Version 12.00
# Visual Studio Version 16
VisualStudioVersion = 16.0.30204.135
MinimumVisualStudioVersion = 10.0.40219.1
Project("{FAE04EC0-301F-11D3-BF4B-00C04F79EFBC}") = "Helpfy", "Helpfy\Helpfy.csproj", "{3FB81886-BCC7-4833-A18D-80FD406E2EA8}"
EndProject
Project("{FAE04EC0-301F-11D3-BF4B-00C04F79EFBC}") = "HelpfyTests", "HelpfyTests\HelpfyTests.csproj", "{B608B536-F563-4FAD-8E30-E700A9E55F69}"
EndProject
Global
	GlobalSection(SolutionConfigurationPlatforms) = preSolution
		Debug|Any CPU = Debug|Any CPU
		Release|Any CPU = Release|Any CPU
	EndGlobalSection
	GlobalSection(ProjectConfigurationPlatforms) = postSolution
		{3FB81886-BCC7-4833-A18D-80FD406E2EA8}.Debug|Any CPU.ActiveCfg = Debug|Any CPU
		{3FB81886-BCC7-4833-A18D-80FD406E2EA8}.Debug|Any CPU.Build.0 = Debug|Any CPU
		{3FB81886-BCC7-4833-A18D-80FD406E2EA8}.Release|Any CPU.ActiveCfg = Release|Any CPU
		{3FB81886-BCC7-4833-A18D-80FD406E2EA8}.Release|Any CPU.Build.0 = Release|Any CPU
		{B608B536-F563-4FAD-8E30-E700A9E55F69}.Debug|Any CPU.ActiveCfg = Debug|Any CPU
		{B608B536-F563-4FAD-8E30-E700A9E55F69}.Debug|Any CPU.Build.0 = Debug|Any CPU
		{B608B536-F563-4FAD-8E30-E700A9E55F69}.Release|Any CPU.ActiveCfg = Release|Any CPU
		{B608B536-F563-4FAD-8E30-E700A9E55F69}.Release|Any CPU.Build.0 = Release|Any CPU
	EndGlobalSection
	GlobalSection(SolutionProperties) = preSolution
		HideSolutionNode = FALSE
	EndGlobalSection
	GlobalSection(ExtensibilityGlobals) = postSolution
		SolutionGuid = {650D459A-A1A3-448B-90AE-DE802E10F81E}
	EndGlobalSection
EndGlobal
